<Solution>
  <Configurations>
    <Platform Name="ARM64" />
    <Platform Name="x64" />
    <Platform Name="x86" />
  </Configurations>
  <Project Path="BlueShield.Core/BlueShield.Core.csproj" />
  <Project Path="BlueShield.Tests/BlueShield.Tests.csproj" />
  <Project Path="BlueShield/BlueShield.csproj">
    <Platform Solution="*|ARM64" Project="ARM64" />
    <Platform Solution="*|x64" Project="x64" />
    <Platform Solution="*|x86" Project="x86" />
    <Deploy />
  </Project>
</Solution>
